
Microsoft Visual Studio Solution File, Format Version 12.00
# Visual Studio Version 17
VisualStudioVersion = 17.5.002.0
MinimumVisualStudioVersion = 10.0.40219.1
Project("{2150E333-8FDC-42A3-9474-1A3956D46DE8}") = "backend", "backend", "{4F2FCA1C-9800-49EE-8EF3-9632850559DB}"
EndProject
Project("{9A19103F-16F7-4668-BE54-9A1E7A4F7556}") = "Mission11Assignment.API", "backend\Mission11Assignment.API\Mission11Assignment.API.csproj", "{C699F315-028C-4712-AAE3-A2F1C00066F4}"
EndProject
Global
	GlobalSection(SolutionConfigurationPlatforms) = preSolution
		Debug|Any CPU = Debug|Any CPU
		Release|Any CPU = Release|Any CPU
	EndGlobalSection
	GlobalSection(ProjectConfigurationPlatforms) = postSolution
		{C699F315-028C-4712-AAE3-A2F1C00066F4}.Debug|Any CPU.ActiveCfg = Debug|Any CPU
		{C699F315-028C-4712-AAE3-A2F1C00066F4}.Debug|Any CPU.Build.0 = Debug|Any CPU
		{C699F315-028C-4712-AAE3-A2F1C00066F4}.Release|Any CPU.ActiveCfg = Release|Any CPU
		{C699F315-028C-4712-AAE3-A2F1C00066F4}.Release|Any CPU.Build.0 = Release|Any CPU
	EndGlobalSection
	GlobalSection(SolutionProperties) = preSolution
		HideSolutionNode = FALSE
	EndGlobalSection
	GlobalSection(NestedProjects) = preSolution
		{C699F315-028C-4712-AAE3-A2F1C00066F4} = {4F2FCA1C-9800-49EE-8EF3-9632850559DB}
	EndGlobalSection
	GlobalSection(ExtensibilityGlobals) = postSolution
		SolutionGuid = {ABB20A3A-C609-4229-9658-E35B1EF38851}
	EndGlobalSection
EndGlobal
